
Microsoft Visual Studio Solution File, Format Version 12.00
# Visual Studio Version 17
VisualStudioVersion = 17.8.34316.72
MinimumVisualStudioVersion = 10.0.40219.1
Project("{FAE04EC0-301F-11D3-BF4B-00C04F79EFBC}") = "CheckDigit", "CheckDigit\CheckDigit.csproj", "{525E4914-72EF-4E4E-BAC1-33835D170A4F}"
EndProject
Global
	GlobalSection(SolutionConfigurationPlatforms) = preSolution
		Debug|Any CPU = Debug|Any CPU
		Release|Any CPU = Release|Any CPU
	EndGlobalSection
	GlobalSection(ProjectConfigurationPlatforms) = postSolution
		{525E4914-72EF-4E4E-BAC1-33835D170A4F}.Debug|Any CPU.ActiveCfg = Debug|Any CPU
		{525E4914-72EF-4E4E-BAC1-33835D170A4F}.Debug|Any CPU.Build.0 = Debug|Any CPU
		{525E4914-72EF-4E4E-BAC1-33835D170A4F}.Release|Any CPU.ActiveCfg = Release|Any CPU
		{525E4914-72EF-4E4E-BAC1-33835D170A4F}.Release|Any CPU.Build.0 = Release|Any CPU
	EndGlobalSection
	GlobalSection(SolutionProperties) = preSolution
		HideSolutionNode = FALSE
	EndGlobalSection
	GlobalSection(ExtensibilityGlobals) = postSolution
		SolutionGuid = {2E327F40-8684-4011-8F4B-478DAA1D91BF}
	EndGlobalSection
EndGlobal
